{
  "name": "famous-last-words.com",
  "version": "1.0.0",
  "lockfileVersion": 1,
  "requires": true,
  "dependencies": {
    "famous-last-words": {
      "version": "0.4.1",
      "resolved": "https://registry.npmjs.org/famous-last-words/-/famous-last-words-0.4.1.tgz",
      "integrity": "sha512-1KtmlsFN/mZ2YZ0GRDqFtw91wT47HV3zIX3Tm+rQkPgCq0goRkGdms1dS3rshcILzfi+AqyDoPM0UF8xaGetKA=="
    }
  }
}
