{
  "name": "famous-last-words.com",
  "version": "1.0.0",
  "lockfileVersion": 1,
  "requires": true,
  "dependencies": {
    "famous-last-words": {
      "version": "0.3.0",
      "resolved": "https://registry.npmjs.org/famous-last-words/-/famous-last-words-0.3.0.tgz",
      "integrity": "sha512-O4+d1HulTJE+pTUk4D7FV4MRDsq0pVTpozd+TLZlMKKishQh80KMhAaPjuKzXe9apzD+IkHYLeAcDuRo/HNimA=="
    }
  }
}
